
Microsoft Visual Studio Solution File, Format Version 12.00
# Visual Studio Version 17
VisualStudioVersion = 17.6.33829.357
MinimumVisualStudioVersion = 10.0.40219.1
Project("{FAE04EC0-301F-11D3-BF4B-00C04F79EFBC}") = "locadoraDeVeiculos", "locadoraDeVeiculos\locadoraDeVeiculos.csproj", "{2E6A1686-91E8-4B83-801B-8F2EC6166139}"
EndProject
Global
	GlobalSection(SolutionConfigurationPlatforms) = preSolution
		Debug|Any CPU = Debug|Any CPU
		Release|Any CPU = Release|Any CPU
	EndGlobalSection
	GlobalSection(ProjectConfigurationPlatforms) = postSolution
		{2E6A1686-91E8-4B83-801B-8F2EC6166139}.Debug|Any CPU.ActiveCfg = Debug|Any CPU
		{2E6A1686-91E8-4B83-801B-8F2EC6166139}.Debug|Any CPU.Build.0 = Debug|Any CPU
		{2E6A1686-91E8-4B83-801B-8F2EC6166139}.Release|Any CPU.ActiveCfg = Release|Any CPU
		{2E6A1686-91E8-4B83-801B-8F2EC6166139}.Release|Any CPU.Build.0 = Release|Any CPU
	EndGlobalSection
	GlobalSection(SolutionProperties) = preSolution
		HideSolutionNode = FALSE
	EndGlobalSection
	GlobalSection(ExtensibilityGlobals) = postSolution
		SolutionGuid = {3BB1BA34-6E4E-43ED-B52B-49872E4A3318}
	EndGlobalSection
EndGlobal
